
Microsoft Visual Studio Solution File, Format Version 12.00
# Visual Studio Version 16
VisualStudioVersion = 16.0.32228.343
MinimumVisualStudioVersion = 10.0.40219.1
Project("{FAE04EC0-301F-11D3-BF4B-00C04F79EFBC}") = "ReadingWritingArray", "ReadingWritingArray.csproj", "{3D679B10-A636-46EE-951F-7A3CB3DF9431}"
EndProject
Global
	GlobalSection(SolutionConfigurationPlatforms) = preSolution
		Debug|Any CPU = Debug|Any CPU
		Release|Any CPU = Release|Any CPU
	EndGlobalSection
	GlobalSection(ProjectConfigurationPlatforms) = postSolution
		{3D679B10-A636-46EE-951F-7A3CB3DF9431}.Debug|Any CPU.ActiveCfg = Debug|Any CPU
		{3D679B10-A636-46EE-951F-7A3CB3DF9431}.Debug|Any CPU.Build.0 = Debug|Any CPU
		{3D679B10-A636-46EE-951F-7A3CB3DF9431}.Release|Any CPU.ActiveCfg = Release|Any CPU
		{3D679B10-A636-46EE-951F-7A3CB3DF9431}.Release|Any CPU.Build.0 = Release|Any CPU
	EndGlobalSection
	GlobalSection(SolutionProperties) = preSolution
		HideSolutionNode = FALSE
	EndGlobalSection
	GlobalSection(ExtensibilityGlobals) = postSolution
		SolutionGuid = {E1C8517E-671C-4CE4-828E-BEDB47B017B5}
	EndGlobalSection
EndGlobal
